
Microsoft Visual Studio Solution File, Format Version 12.00
# Visual Studio Version 17
VisualStudioVersion = 17.7.34031.279
MinimumVisualStudioVersion = 10.0.40219.1
Project("{FAE04EC0-301F-11D3-BF4B-00C04F79EFBC}") = "Week3IfAndSwtch", "Week3IfAndSwtch\Week3IfAndSwtch.csproj", "{E6137293-2F5A-47CF-AFC3-9DE874543BA8}"
EndProject
Project("{FAE04EC0-301F-11D3-BF4B-00C04F79EFBC}") = "OddOrEven", "OddOrEven\OddOrEven.csproj", "{8102712B-C002-4FF2-AA69-C5C61470FD6B}"
EndProject
Project("{FAE04EC0-301F-11D3-BF4B-00C04F79EFBC}") = "IfDayOfTheWeek", "IfDayOfTheWeek\IfDayOfTheWeek.csproj", "{78C1768A-1639-40A0-8895-AFAE05E2C49E}"
EndProject
Project("{FAE04EC0-301F-11D3-BF4B-00C04F79EFBC}") = "SwitchDayOfTheWeek", "SwitchDayOfTheWeek\SwitchDayOfTheWeek.csproj", "{23120CB4-BB36-4F81-BF5B-455A91360115}"
EndProject
Global
	GlobalSection(SolutionConfigurationPlatforms) = preSolution
		Debug|Any CPU = Debug|Any CPU
		Release|Any CPU = Release|Any CPU
	EndGlobalSection
	GlobalSection(ProjectConfigurationPlatforms) = postSolution
		{E6137293-2F5A-47CF-AFC3-9DE874543BA8}.Debug|Any CPU.ActiveCfg = Debug|Any CPU
		{E6137293-2F5A-47CF-AFC3-9DE874543BA8}.Debug|Any CPU.Build.0 = Debug|Any CPU
		{E6137293-2F5A-47CF-AFC3-9DE874543BA8}.Release|Any CPU.ActiveCfg = Release|Any CPU
		{E6137293-2F5A-47CF-AFC3-9DE874543BA8}.Release|Any CPU.Build.0 = Release|Any CPU
		{8102712B-C002-4FF2-AA69-C5C61470FD6B}.Debug|Any CPU.ActiveCfg = Debug|Any CPU
		{8102712B-C002-4FF2-AA69-C5C61470FD6B}.Debug|Any CPU.Build.0 = Debug|Any CPU
		{8102712B-C002-4FF2-AA69-C5C61470FD6B}.Release|Any CPU.ActiveCfg = Release|Any CPU
		{8102712B-C002-4FF2-AA69-C5C61470FD6B}.Release|Any CPU.Build.0 = Release|Any CPU
		{78C1768A-1639-40A0-8895-AFAE05E2C49E}.Debug|Any CPU.ActiveCfg = Debug|Any CPU
		{78C1768A-1639-40A0-8895-AFAE05E2C49E}.Debug|Any CPU.Build.0 = Debug|Any CPU
		{78C1768A-1639-40A0-8895-AFAE05E2C49E}.Release|Any CPU.ActiveCfg = Release|Any CPU
		{78C1768A-1639-40A0-8895-AFAE05E2C49E}.Release|Any CPU.Build.0 = Release|Any CPU
		{23120CB4-BB36-4F81-BF5B-455A91360115}.Debug|Any CPU.ActiveCfg = Debug|Any CPU
		{23120CB4-BB36-4F81-BF5B-455A91360115}.Debug|Any CPU.Build.0 = Debug|Any CPU
		{23120CB4-BB36-4F81-BF5B-455A91360115}.Release|Any CPU.ActiveCfg = Release|Any CPU
		{23120CB4-BB36-4F81-BF5B-455A91360115}.Release|Any CPU.Build.0 = Release|Any CPU
	EndGlobalSection
	GlobalSection(SolutionProperties) = preSolution
		HideSolutionNode = FALSE
	EndGlobalSection
	GlobalSection(ExtensibilityGlobals) = postSolution
		SolutionGuid = {91CB31E6-6A9A-4CFF-BB05-74392AAB7AEB}
	EndGlobalSection
EndGlobal
